
Microsoft Visual Studio Solution File, Format Version 12.00
# Visual Studio 15
VisualStudioVersion = 15.0.26606.0
MinimumVisualStudioVersion = 10.0.40219.1
Project("{FAE04EC0-301F-11D3-BF4B-00C04F79EFBC}") = "VsixGalleryExtension", "src\VsixGalleryExtension.csproj", "{9B8FDD51-7601-44E1-8324-FEA13FAC5B97}"
EndProject
Project("{2150E333-8FDC-42A3-9474-1A3956D46DE8}") = "Solution Items", "Solution Items", "{93753FB4-C2D2-47DB-A10B-737A4F5CC797}"
	ProjectSection(SolutionItems) = preProject
		appveyor.yml = appveyor.yml
		CHANGELOG.md = CHANGELOG.md
		README.md = README.md
	EndProjectSection
EndProject
Global
	GlobalSection(SolutionConfigurationPlatforms) = preSolution
		Debug|Any CPU = Debug|Any CPU
		Release|Any CPU = Release|Any CPU
	EndGlobalSection
	GlobalSection(ProjectConfigurationPlatforms) = postSolution
		{9B8FDD51-7601-44E1-8324-FEA13FAC5B97}.Debug|Any CPU.ActiveCfg = Debug|Any CPU
		{9B8FDD51-7601-44E1-8324-FEA13FAC5B97}.Debug|Any CPU.Build.0 = Debug|Any CPU
		{9B8FDD51-7601-44E1-8324-FEA13FAC5B97}.Release|Any CPU.ActiveCfg = Release|Any CPU
		{9B8FDD51-7601-44E1-8324-FEA13FAC5B97}.Release|Any CPU.Build.0 = Release|Any CPU
	EndGlobalSection
	GlobalSection(SolutionProperties) = preSolution
		HideSolutionNode = FALSE
	EndGlobalSection
EndGlobal
